// !$*UTF8*$!
{
	archiveVersion = 1;
	classes = {
	};
	objectVersion = 46;
	objects = {

/* Begin PBXBuildFile section */
		7EE14732E37835414209885A /* Pods_manechen.framework in Frameworks */ = {isa = PBXBuildFile; fileRef = 96C548FED475F671FCEB9DD1 /* Pods_manechen.framework */; };
		B6AC9ADFCC056928AD3D3411 /* Pods_manechenTests.framework in Frameworks */ = {isa = PBXBuildFile; fileRef = 21DC99688592A0456663F813 /* Pods_manechenTests.framework */; };
		D54037BD1D265AD900BE2C1E /* 紙.png in Resources */ = {isa = PBXBuildFile; fileRef = D54037BC1D265AD900BE2C1E /* 紙.png */; };
		D578BD6F1D1228030002E5BF /* AppDelegate.swift in Sources */ = {isa = PBXBuildFile; fileRef = D578BD6E1D1228030002E5BF /* AppDelegate.swift */; };
		D578BD711D1228030002E5BF /* ViewController.swift in Sources */ = {isa = PBXBuildFile; fileRef = D578BD701D1228030002E5BF /* ViewController.swift */; };
		D578BD741D1228030002E5BF /* Main.storyboard in Resources */ = {isa = PBXBuildFile; fileRef = D578BD721D1228030002E5BF /* Main.storyboard */; };
		D578BD761D1228030002E5BF /* Assets.xcassets in Resources */ = {isa = PBXBuildFile; fileRef = D578BD751D1228030002E5BF /* Assets.xcassets */; };
		D578BD841D1228040002E5BF /* manechenTests.swift in Sources */ = {isa = PBXBuildFile; fileRef = D578BD831D1228040002E5BF /* manechenTests.swift */; };
		D578BD8F1D1228040002E5BF /* manechenUITests.swift in Sources */ = {isa = PBXBuildFile; fileRef = D578BD8E1D1228040002E5BF /* manechenUITests.swift */; };
		D584DE221D1E241800748701 /* SetteiViewController.swift in Sources */ = {isa = PBXBuildFile; fileRef = D584DE211D1E241800748701 /* SetteiViewController.swift */; };
		D584DE261D21003A00748701 /* GraphViewController.swift in Sources */ = {isa = PBXBuildFile; fileRef = D584DE251D21003A00748701 /* GraphViewController.swift */; };
		D58CB61A1D150C9B00EF2474 /* KinyuViewController.swift in Sources */ = {isa = PBXBuildFile; fileRef = D58CB6191D150C9B00EF2474 /* KinyuViewController.swift */; };
		D5C4F3141D1D0AEF0082D5F6 /* bunseki.png in Resources */ = {isa = PBXBuildFile; fileRef = D5C4F3101D1D0AEF0082D5F6 /* bunseki.png */; };
		D5C4F3151D1D0AEF0082D5F6 /* calender.png in Resources */ = {isa = PBXBuildFile; fileRef = D5C4F3111D1D0AEF0082D5F6 /* calender.png */; };
		D5C4F3161D1D0AEF0082D5F6 /* pen.png in Resources */ = {isa = PBXBuildFile; fileRef = D5C4F3121D1D0AEF0082D5F6 /* pen.png */; };
		D5C4F3171D1D0AEF0082D5F6 /* setting.png in Resources */ = {isa = PBXBuildFile; fileRef = D5C4F3131D1D0AEF0082D5F6 /* setting.png */; };
		D5C4F3221D1D14770082D5F6 /* bunsekiTableViewCell.swift in Sources */ = {isa = PBXBuildFile; fileRef = D5C4F3201D1D14770082D5F6 /* bunsekiTableViewCell.swift */; };
		D5C4F3231D1D14770082D5F6 /* bunsekiTableViewCell.xib in Resources */ = {isa = PBXBuildFile; fileRef = D5C4F3211D1D14770082D5F6 /* bunsekiTableViewCell.xib */; };
		D5C4F3251D1D15060082D5F6 /* bunsekiTableViewController.swift in Sources */ = {isa = PBXBuildFile; fileRef = D5C4F3241D1D15060082D5F6 /* bunsekiTableViewController.swift */; };
		D5C5A1E91D24B6D1003E47CA /* 3.5inchStoryboard.storyboard in Resources */ = {isa = PBXBuildFile; fileRef = D5C5A1E81D24B6D1003E47CA /* 3.5inchStoryboard.storyboard */; };
		D5C5A1F21D24B7C2003E47CA /* .gitignore in Resources */ = {isa = PBXBuildFile; fileRef = D5C5A1EB1D24B7C2003E47CA /* .gitignore */; };
		D5C5A1F31D24B7C2003E47CA /* Default-568h@2x.png in Resources */ = {isa = PBXBuildFile; fileRef = D5C5A1ED1D24B7C2003E47CA /* Default-568h@2x.png */; };
		D5C5A1F41D24B7C2003E47CA /* Default-667h@2x.png in Resources */ = {isa = PBXBuildFile; fileRef = D5C5A1EE1D24B7C2003E47CA /* Default-667h@2x.png */; };
		D5C5A1F51D24B7C2003E47CA /* Default-736h@3x.png in Resources */ = {isa = PBXBuildFile; fileRef = D5C5A1EF1D24B7C2003E47CA /* Default-736h@3x.png */; };
		D5C5A1F61D24B7C2003E47CA /* README.md in Sources */ = {isa = PBXBuildFile; fileRef = D5C5A1F01D24B7C2003E47CA /* README.md */; };
		D5C5A1F71D24B7C2003E47CA /* StoryboardHelper.swift in Sources */ = {isa = PBXBuildFile; fileRef = D5C5A1F11D24B7C2003E47CA /* StoryboardHelper.swift */; };
		D5C5A20A1D24C2FE003E47CA /* appicon-60@2x.png in Resources */ = {isa = PBXBuildFile; fileRef = D5C5A1F91D24C2FE003E47CA /* appicon-60@2x.png */; };
		D5C5A20B1D24C2FE003E47CA /* appicon-60@3x.png in Resources */ = {isa = PBXBuildFile; fileRef = D5C5A1FA1D24C2FE003E47CA /* appicon-60@3x.png */; };
		D5C5A20C1D24C2FE003E47CA /* appicon-72.png in Resources */ = {isa = PBXBuildFile; fileRef = D5C5A1FB1D24C2FE003E47CA /* appicon-72.png */; };
		D5C5A20D1D24C2FE003E47CA /* appicon-72@2x.png in Resources */ = {isa = PBXBuildFile; fileRef = D5C5A1FC1D24C2FE003E47CA /* appicon-72@2x.png */; };
		D5C5A20E1D24C2FE003E47CA /* appicon-76.png in Resources */ = {isa = PBXBuildFile; fileRef = D5C5A1FD1D24C2FE003E47CA /* appicon-76.png */; };
		D5C5A20F1D24C2FE003E47CA /* appicon-76@2x.png in Resources */ = {isa = PBXBuildFile; fileRef = D5C5A1FE1D24C2FE003E47CA /* appicon-76@2x.png */; };
		D5C5A2101D24C2FE003E47CA /* appicon-Small-40.png in Resources */ = {isa = PBXBuildFile; fileRef = D5C5A1FF1D24C2FE003E47CA /* appicon-Small-40.png */; };
		D5C5A2111D24C2FE003E47CA /* appicon-Small-40@2x.png in Resources */ = {isa = PBXBuildFile; fileRef = D5C5A2001D24C2FE003E47CA /* appicon-Small-40@2x.png */; };
		D5C5A2121D24C2FE003E47CA /* appicon-Small-50.png in Resources */ = {isa = PBXBuildFile; fileRef = D5C5A2011D24C2FE003E47CA /* appicon-Small-50.png */; };
		D5C5A2131D24C2FE003E47CA /* appicon-Small-50@2x.png in Resources */ = {isa = PBXBuildFile; fileRef = D5C5A2021D24C2FE003E47CA /* appicon-Small-50@2x.png */; };
		D5C5A2141D24C2FE003E47CA /* appicon-Small.png in Resources */ = {isa = PBXBuildFile; fileRef = D5C5A2031D24C2FE003E47CA /* appicon-Small.png */; };
		D5C5A2151D24C2FE003E47CA /* appicon-Small@2x.png in Resources */ = {isa = PBXBuildFile; fileRef = D5C5A2041D24C2FE003E47CA /* appicon-Small@2x.png */; };
		D5C5A2161D24C2FE003E47CA /* appicon-Small@3x.png in Resources */ = {isa = PBXBuildFile; fileRef = D5C5A2051D24C2FE003E47CA /* appicon-Small@3x.png */; };
		D5C5A2171D24C2FE003E47CA /* appicon.png in Resources */ = {isa = PBXBuildFile; fileRef = D5C5A2061D24C2FE003E47CA /* appicon.png */; };
		D5C5A2181D24C2FE003E47CA /* appicon@2x.png in Resources */ = {isa = PBXBuildFile; fileRef = D5C5A2071D24C2FE003E47CA /* appicon@2x.png */; };
		D5C5A2191D24C2FE003E47CA /* iTunesArtwork in Resources */ = {isa = PBXBuildFile; fileRef = D5C5A2081D24C2FE003E47CA /* iTunesArtwork */; };
		D5C5A21A1D24C2FE003E47CA /* iTunesArtwork@2x in Resources */ = {isa = PBXBuildFile; fileRef = D5C5A2091D24C2FE003E47CA /* iTunesArtwork@2x */; };
		E2609A264E6A0BB12703990A /* Pods_manechenUITests.framework in Frameworks */ = {isa = PBXBuildFile; fileRef = B58923CCD7B5545E1EC71A62 /* Pods_manechenUITests.framework */; };
/* End PBXBuildFile section */

/* Begin PBXContainerItemProxy section */
		D578BD801D1228040002E5BF /* PBXContainerItemProxy */ = {
			isa = PBXContainerItemProxy;
			containerPortal = D578BD631D1228030002E5BF /* Project object */;
			proxyType = 1;
			remoteGlobalIDString = D578BD6A1D1228030002E5BF;
			remoteInfo = manechen;
		};
		D578BD8B1D1228040002E5BF /* PBXContainerItemProxy */ = {
			isa = PBXContainerItemProxy;
			containerPortal = D578BD631D1228030002E5BF /* Project object */;
			proxyType = 1;
			remoteGlobalIDString = D578BD6A1D1228030002E5BF;
			remoteInfo = manechen;
		};
/* End PBXContainerItemProxy section */

/* Begin PBXFileReference section */
		0057018766AF70D26DAC8D0B /* Pods-manechenUITests.release.xcconfig */ = {isa = PBXFileReference; includeInIndex = 1; lastKnownFileType = text.xcconfig; name = "Pods-manechenUITests.release.xcconfig"; path = "Pods/Target Support Files/Pods-manechenUITests/Pods-manechenUITests.release.xcconfig"; sourceTree = "<group>"; };
		12EF2FD116D1FCBE7A94366F /* Pods-manechen.debug.xcconfig */ = {isa = PBXFileReference; includeInIndex = 1; lastKnownFileType = text.xcconfig; name = "Pods-manechen.debug.xcconfig"; path = "Pods/Target Support Files/Pods-manechen/Pods-manechen.debug.xcconfig"; sourceTree = "<group>"; };
		21DC99688592A0456663F813 /* Pods_manechenTests.framework */ = {isa = PBXFileReference; explicitFileType = wrapper.framework; includeInIndex = 0; path = Pods_manechenTests.framework; sourceTree = BUILT_PRODUCTS_DIR; };
		26ABEFEB01E96BBFBCC7DEFF /* Pods-manechenUITests.debug.xcconfig */ = {isa = PBXFileReference; includeInIndex = 1; lastKnownFileType = text.xcconfig; name = "Pods-manechenUITests.debug.xcconfig"; path = "Pods/Target Support Files/Pods-manechenUITests/Pods-manechenUITests.debug.xcconfig"; sourceTree = "<group>"; };
		309F204BF406EADDF27E221F /* Pods-manechenTests.release.xcconfig */ = {isa = PBXFileReference; includeInIndex = 1; lastKnownFileType = text.xcconfig; name = "Pods-manechenTests.release.xcconfig"; path = "Pods/Target Support Files/Pods-manechenTests/Pods-manechenTests.release.xcconfig"; sourceTree = "<group>"; };
		5158DD304C54463A93E848FC /* Pods-manechenTests.debug.xcconfig */ = {isa = PBXFileReference; includeInIndex = 1; lastKnownFileType = text.xcconfig; name = "Pods-manechenTests.debug.xcconfig"; path = "Pods/Target Support Files/Pods-manechenTests/Pods-manechenTests.debug.xcconfig"; sourceTree = "<group>"; };
		96C548FED475F671FCEB9DD1 /* Pods_manechen.framework */ = {isa = PBXFileReference; explicitFileType = wrapper.framework; includeInIndex = 0; path = Pods_manechen.framework; sourceTree = BUILT_PRODUCTS_DIR; };
		B58923CCD7B5545E1EC71A62 /* Pods_manechenUITests.framework */ = {isa = PBXFileReference; explicitFileType = wrapper.framework; includeInIndex = 0; path = Pods_manechenUITests.framework; sourceTree = BUILT_PRODUCTS_DIR; };
		D54037BC1D265AD900BE2C1E /* 紙.png */ = {isa = PBXFileReference; lastKnownFileType = image.png; path = "紙.png"; sourceTree = "<group>"; };
		D578BD6B1D1228030002E5BF /* manechen.app */ = {isa = PBXFileReference; explicitFileType = wrapper.application; includeInIndex = 0; path = manechen.app; sourceTree = BUILT_PRODUCTS_DIR; };
		D578BD6E1D1228030002E5BF /* AppDelegate.swift */ = {isa = PBXFileReference; lastKnownFileType = sourcecode.swift; path = AppDelegate.swift; sourceTree = "<group>"; };
		D578BD701D1228030002E5BF /* ViewController.swift */ = {isa = PBXFileReference; lastKnownFileType = sourcecode.swift; path = ViewController.swift; sourceTree = "<group>"; };
		D578BD731D1228030002E5BF /* Base */ = {isa = PBXFileReference; lastKnownFileType = file.storyboard; name = Base; path = Base.lproj/Main.storyboard; sourceTree = "<group>"; };
		D578BD751D1228030002E5BF /* Assets.xcassets */ = {isa = PBXFileReference; lastKnownFileType = folder.assetcatalog; path = Assets.xcassets; sourceTree = "<group>"; };
		D578BD7A1D1228030002E5BF /* Info.plist */ = {isa = PBXFileReference; lastKnownFileType = text.plist.xml; path = Info.plist; sourceTree = "<group>"; };
		D578BD7F1D1228040002E5BF /* manechenTests.xctest */ = {isa = PBXFileReference; explicitFileType = wrapper.cfbundle; includeInIndex = 0; path = manechenTests.xctest; sourceTree = BUILT_PRODUCTS_DIR; };
		D578BD831D1228040002E5BF /* manechenTests.swift */ = {isa = PBXFileReference; lastKnownFileType = sourcecode.swift; path = manechenTests.swift; sourceTree = "<group>"; };
		D578BD851D1228040002E5BF /* Info.plist */ = {isa = PBXFileReference; lastKnownFileType = text.plist.xml; path = Info.plist; sourceTree = "<group>"; };
		D578BD8A1D1228040002E5BF /* manechenUITests.xctest */ = {isa = PBXFileReference; explicitFileType = wrapper.cfbundle; includeInIndex = 0; path = manechenUITests.xctest; sourceTree = BUILT_PRODUCTS_DIR; };
		D578BD8E1D1228040002E5BF /* manechenUITests.swift */ = {isa = PBXFileReference; lastKnownFileType = sourcecode.swift; path = manechenUITests.swift; sourceTree = "<group>"; };
		D578BD901D1228040002E5BF /* Info.plist */ = {isa = PBXFileReference; lastKnownFileType = text.plist.xml; path = Info.plist; sourceTree = "<group>"; };
		D584DE211D1E241800748701 /* SetteiViewController.swift */ = {isa = PBXFileReference; fileEncoding = 4; lastKnownFileType = sourcecode.swift; path = SetteiViewController.swift; sourceTree = "<group>"; };
		D584DE251D21003A00748701 /* GraphViewController.swift */ = {isa = PBXFileReference; fileEncoding = 4; lastKnownFileType = sourcecode.swift; path = GraphViewController.swift; sourceTree = "<group>"; };
		D58CB6191D150C9B00EF2474 /* KinyuViewController.swift */ = {isa = PBXFileReference; fileEncoding = 4; lastKnownFileType = sourcecode.swift; path = KinyuViewController.swift; sourceTree = "<group>"; };
		D5C4F3101D1D0AEF0082D5F6 /* bunseki.png */ = {isa = PBXFileReference; lastKnownFileType = image.png; path = bunseki.png; sourceTree = "<group>"; };
		D5C4F3111D1D0AEF0082D5F6 /* calender.png */ = {isa = PBXFileReference; lastKnownFileType = image.png; path = calender.png; sourceTree = "<group>"; };
		D5C4F3121D1D0AEF0082D5F6 /* pen.png */ = {isa = PBXFileReference; lastKnownFileType = image.png; path = pen.png; sourceTree = "<group>"; };
		D5C4F3131D1D0AEF0082D5F6 /* setting.png */ = {isa = PBXFileReference; lastKnownFileType = image.png; path = setting.png; sourceTree = "<group>"; };
		D5C4F3201D1D14770082D5F6 /* bunsekiTableViewCell.swift */ = {isa = PBXFileReference; fileEncoding = 4; lastKnownFileType = sourcecode.swift; path = bunsekiTableViewCell.swift; sourceTree = "<group>"; };
		D5C4F3211D1D14770082D5F6 /* bunsekiTableViewCell.xib */ = {isa = PBXFileReference; fileEncoding = 4; lastKnownFileType = file.xib; path = bunsekiTableViewCell.xib; sourceTree = "<group>"; };
		D5C4F3241D1D15060082D5F6 /* bunsekiTableViewController.swift */ = {isa = PBXFileReference; fileEncoding = 4; lastKnownFileType = sourcecode.swift; path = bunsekiTableViewController.swift; sourceTree = "<group>"; };
		D5C5A1E81D24B6D1003E47CA /* 3.5inchStoryboard.storyboard */ = {isa = PBXFileReference; fileEncoding = 4; lastKnownFileType = file.storyboard; path = 3.5inchStoryboard.storyboard; sourceTree = "<group>"; };
		D5C5A1EB1D24B7C2003E47CA /* .gitignore */ = {isa = PBXFileReference; fileEncoding = 4; lastKnownFileType = text; path = .gitignore; sourceTree = "<group>"; };
		D5C5A1ED1D24B7C2003E47CA /* Default-568h@2x.png */ = {isa = PBXFileReference; lastKnownFileType = image.png; path = "Default-568h@2x.png"; sourceTree = "<group>"; };
		D5C5A1EE1D24B7C2003E47CA /* Default-667h@2x.png */ = {isa = PBXFileReference; lastKnownFileType = image.png; path = "Default-667h@2x.png"; sourceTree = "<group>"; };
		D5C5A1EF1D24B7C2003E47CA /* Default-736h@3x.png */ = {isa = PBXFileReference; lastKnownFileType = image.png; path = "Default-736h@3x.png"; sourceTree = "<group>"; };
		D5C5A1F01D24B7C2003E47CA /* README.md */ = {isa = PBXFileReference; fileEncoding = 4; lastKnownFileType = net.daringfireball.markdown; path = README.md; sourceTree = "<group>"; };
		D5C5A1F11D24B7C2003E47CA /* StoryboardHelper.swift */ = {isa = PBXFileReference; fileEncoding = 4; lastKnownFileType = sourcecode.swift; path = StoryboardHelper.swift; sourceTree = "<group>"; };
		D5C5A1F91D24C2FE003E47CA /* appicon-60@2x.png */ = {isa = PBXFileReference; lastKnownFileType = image.png; path = "appicon-60@2x.png"; sourceTree = "<group>"; };
		D5C5A1FA1D24C2FE003E47CA /* appicon-60@3x.png */ = {isa = PBXFileReference; lastKnownFileType = image.png; path = "appicon-60@3x.png"; sourceTree = "<group>"; };
		D5C5A1FB1D24C2FE003E47CA /* appicon-72.png */ = {isa = PBXFileReference; lastKnownFileType = image.png; path = "appicon-72.png"; sourceTree = "<group>"; };
		D5C5A1FC1D24C2FE003E47CA /* appicon-72@2x.png */ = {isa = PBXFileReference; lastKnownFileType = image.png; path = "appicon-72@2x.png"; sourceTree = "<group>"; };
		D5C5A1FD1D24C2FE003E47CA /* appicon-76.png */ = {isa = PBXFileReference; lastKnownFileType = image.png; path = "appicon-76.png"; sourceTree = "<group>"; };
		D5C5A1FE1D24C2FE003E47CA /* appicon-76@2x.png */ = {isa = PBXFileReference; lastKnownFileType = image.png; path = "appicon-76@2x.png"; sourceTree = "<group>"; };
		D5C5A1FF1D24C2FE003E47CA /* appicon-Small-40.png */ = {isa = PBXFileReference; lastKnownFileType = image.png; path = "appicon-Small-40.png"; sourceTree = "<group>"; };
		D5C5A2001D24C2FE003E47CA /* appicon-Small-40@2x.png */ = {isa = PBXFileReference; lastKnownFileType = image.png; path = "appicon-Small-40@2x.png"; sourceTree = "<group>"; };
		D5C5A2011D24C2FE003E47CA /* appicon-Small-50.png */ = {isa = PBXFileReference; lastKnownFileType = image.png; path = "appicon-Small-50.png"; sourceTree = "<group>"; };
		D5C5A2021D24C2FE003E47CA /* appicon-Small-50@2x.png */ = {isa = PBXFileReference; lastKnownFileType = image.png; path = "appicon-Small-50@2x.png"; sourceTree = "<group>"; };
		D5C5A2031D24C2FE003E47CA /* appicon-Small.png */ = {isa = PBXFileReference; lastKnownFileType = image.png; path = "appicon-Small.png"; sourceTree = "<group>"; };
		D5C5A2041D24C2FE003E47CA /* appicon-Small@2x.png */ = {isa = PBXFileReference; lastKnownFileType = image.png; path = "appicon-Small@2x.png"; sourceTree = "<group>"; };
		D5C5A2051D24C2FE003E47CA /* appicon-Small@3x.png */ = {isa = PBXFileReference; lastKnownFileType = image.png; path = "appicon-Small@3x.png"; sourceTree = "<group>"; };
		D5C5A2061D24C2FE003E47CA /* appicon.png */ = {isa = PBXFileReference; lastKnownFileType = image.png; path = appicon.png; sourceTree = "<group>"; };
		D5C5A2071D24C2FE003E47CA /* appicon@2x.png */ = {isa = PBXFileReference; lastKnownFileType = image.png; path = "appicon@2x.png"; sourceTree = "<group>"; };
		D5C5A2081D24C2FE003E47CA /* iTunesArtwork */ = {isa = PBXFileReference; lastKnownFileType = file; path = iTunesArtwork; sourceTree = "<group>"; };
		D5C5A2091D24C2FE003E47CA /* iTunesArtwork@2x */ = {isa = PBXFileReference; lastKnownFileType = file; path = "iTunesArtwork@2x"; sourceTree = "<group>"; };
		E54992E48A3C4B901B6EE246 /* Pods-manechen.release.xcconfig */ = {isa = PBXFileReference; includeInIndex = 1; lastKnownFileType = text.xcconfig; name = "Pods-manechen.release.xcconfig"; path = "Pods/Target Support Files/Pods-manechen/Pods-manechen.release.xcconfig"; sourceTree = "<group>"; };
/* End PBXFileReference section */

/* Begin PBXFrameworksBuildPhase section */
		D578BD681D1228030002E5BF /* Frameworks */ = {
			isa = PBXFrameworksBuildPhase;
			buildActionMask = 2147483647;
			files = (
				7EE14732E37835414209885A /* Pods_manechen.framework in Frameworks */,
			);
			runOnlyForDeploymentPostprocessing = 0;
		};
		D578BD7C1D1228040002E5BF /* Frameworks */ = {
			isa = PBXFrameworksBuildPhase;
			buildActionMask = 2147483647;
			files = (
				B6AC9ADFCC056928AD3D3411 /* Pods_manechenTests.framework in Frameworks */,
			);
			runOnlyForDeploymentPostprocessing = 0;
		};
		D578BD871D1228040002E5BF /* Frameworks */ = {
			isa = PBXFrameworksBuildPhase;
			buildActionMask = 2147483647;
			files = (
				E2609A264E6A0BB12703990A /* Pods_manechenUITests.framework in Frameworks */,
			);
			runOnlyForDeploymentPostprocessing = 0;
		};
/* End PBXFrameworksBuildPhase section */

/* Begin PBXGroup section */
		9A86443CE5F4B56F979DFBF8 /* Pods */ = {
			isa = PBXGroup;
			children = (
				12EF2FD116D1FCBE7A94366F /* Pods-manechen.debug.xcconfig */,
				E54992E48A3C4B901B6EE246 /* Pods-manechen.release.xcconfig */,
				5158DD304C54463A93E848FC /* Pods-manechenTests.debug.xcconfig */,
				309F204BF406EADDF27E221F /* Pods-manechenTests.release.xcconfig */,
				26ABEFEB01E96BBFBCC7DEFF /* Pods-manechenUITests.debug.xcconfig */,
				0057018766AF70D26DAC8D0B /* Pods-manechenUITests.release.xcconfig */,
			);
			name = Pods;
			sourceTree = "<group>";
		};
		D578BD621D1228030002E5BF = {
			isa = PBXGroup;
			children = (
				D578BD6D1D1228030002E5BF /* manechen */,
				D578BD821D1228040002E5BF /* manechenTests */,
				D578BD8D1D1228040002E5BF /* manechenUITests */,
				D578BD6C1D1228030002E5BF /* Products */,
				9A86443CE5F4B56F979DFBF8 /* Pods */,
				FB33B46F149A2757D5BF45D3 /* Frameworks */,
			);
			sourceTree = "<group>";
		};
		D578BD6C1D1228030002E5BF /* Products */ = {
			isa = PBXGroup;
			children = (
				D578BD6B1D1228030002E5BF /* manechen.app */,
				D578BD7F1D1228040002E5BF /* manechenTests.xctest */,
				D578BD8A1D1228040002E5BF /* manechenUITests.xctest */,
			);
			name = Products;
			sourceTree = "<group>";
		};
		D578BD6D1D1228030002E5BF /* manechen */ = {
			isa = PBXGroup;
			children = (
				D5C5A1F81D24C2FE003E47CA /* ios */,
				D5C5A1EA1D24B7C2003E47CA /* StoryboardHelper-master */,
				D5C4F3101D1D0AEF0082D5F6 /* bunseki.png */,
				D5C4F3111D1D0AEF0082D5F6 /* calender.png */,
				D5C4F3121D1D0AEF0082D5F6 /* pen.png */,
				D5C4F3131D1D0AEF0082D5F6 /* setting.png */,
				D54037BC1D265AD900BE2C1E /* 紙.png */,
				D578BD6E1D1228030002E5BF /* AppDelegate.swift */,
				D584DE251D21003A00748701 /* GraphViewController.swift */,
				D584DE211D1E241800748701 /* SetteiViewController.swift */,
				D5C4F3241D1D15060082D5F6 /* bunsekiTableViewController.swift */,
				D5C4F3201D1D14770082D5F6 /* bunsekiTableViewCell.swift */,
				D5C4F3211D1D14770082D5F6 /* bunsekiTableViewCell.xib */,
				D58CB6191D150C9B00EF2474 /* KinyuViewController.swift */,
				D578BD701D1228030002E5BF /* ViewController.swift */,
				D578BD721D1228030002E5BF /* Main.storyboard */,
				D578BD751D1228030002E5BF /* Assets.xcassets */,
				D578BD7A1D1228030002E5BF /* Info.plist */,
				D5C5A1E81D24B6D1003E47CA /* 3.5inchStoryboard.storyboard */,
			);
			path = manechen;
			sourceTree = "<group>";
		};
		D578BD821D1228040002E5BF /* manechenTests */ = {
			isa = PBXGroup;
			children = (
				D578BD831D1228040002E5BF /* manechenTests.swift */,
				D578BD851D1228040002E5BF /* Info.plist */,
			);
			path = manechenTests;
			sourceTree = "<group>";
		};
		D578BD8D1D1228040002E5BF /* manechenUITests */ = {
			isa = PBXGroup;
			children = (
				D578BD8E1D1228040002E5BF /* manechenUITests.swift */,
				D578BD901D1228040002E5BF /* Info.plist */,
			);
			path = manechenUITests;
			sourceTree = "<group>";
		};
		D5C5A1EA1D24B7C2003E47CA /* StoryboardHelper-master */ = {
			isa = PBXGroup;
			children = (
				D5C5A1EB1D24B7C2003E47CA /* .gitignore */,
				D5C5A1EC1D24B7C2003E47CA /* Defaults */,
				D5C5A1F01D24B7C2003E47CA /* README.md */,
				D5C5A1F11D24B7C2003E47CA /* StoryboardHelper.swift */,
			);
			path = "StoryboardHelper-master";
			sourceTree = "<group>";
		};
		D5C5A1EC1D24B7C2003E47CA /* Defaults */ = {
			isa = PBXGroup;
			children = (
				D5C5A1ED1D24B7C2003E47CA /* Default-568h@2x.png */,
				D5C5A1EE1D24B7C2003E47CA /* Default-667h@2x.png */,
				D5C5A1EF1D24B7C2003E47CA /* Default-736h@3x.png */,
			);
			path = Defaults;
			sourceTree = "<group>";
		};
		D5C5A1F81D24C2FE003E47CA /* ios */ = {
			isa = PBXGroup;
			children = (
				D5C5A1F91D24C2FE003E47CA /* appicon-60@2x.png */,
				D5C5A1FA1D24C2FE003E47CA /* appicon-60@3x.png */,
				D5C5A1FB1D24C2FE003E47CA /* appicon-72.png */,
				D5C5A1FC1D24C2FE003E47CA /* appicon-72@2x.png */,
				D5C5A1FD1D24C2FE003E47CA /* appicon-76.png */,
				D5C5A1FE1D24C2FE003E47CA /* appicon-76@2x.png */,
				D5C5A1FF1D24C2FE003E47CA /* appicon-Small-40.png */,
				D5C5A2001D24C2FE003E47CA /* appicon-Small-40@2x.png */,
				D5C5A2011D24C2FE003E47CA /* appicon-Small-50.png */,
				D5C5A2021D24C2FE003E47CA /* appicon-Small-50@2x.png */,
				D5C5A2031D24C2FE003E47CA /* appicon-Small.png */,
				D5C5A2041D24C2FE003E47CA /* appicon-Small@2x.png */,
				D5C5A2051D24C2FE003E47CA /* appicon-Small@3x.png */,
				D5C5A2061D24C2FE003E47CA /* appicon.png */,
				D5C5A2071D24C2FE003E47CA /* appicon@2x.png */,
				D5C5A2081D24C2FE003E47CA /* iTunesArtwork */,
				D5C5A2091D24C2FE003E47CA /* iTunesArtwork@2x */,
			);
			path = ios;
			sourceTree = "<group>";
		};
		FB33B46F149A2757D5BF45D3 /* Frameworks */ = {
			isa = PBXGroup;
			children = (
				96C548FED475F671FCEB9DD1 /* Pods_manechen.framework */,
				21DC99688592A0456663F813 /* Pods_manechenTests.framework */,
				B58923CCD7B5545E1EC71A62 /* Pods_manechenUITests.framework */,
			);
			name = Frameworks;
			sourceTree = "<group>";
		};
/* End PBXGroup section */

/* Begin PBXNativeTarget section */
		D578BD6A1D1228030002E5BF /* manechen */ = {
			isa = PBXNativeTarget;
			buildConfigurationList = D578BD931D1228040002E5BF /* Build configuration list for PBXNativeTarget "manechen" */;
			buildPhases = (
				D5ABC7A8B57334CA80AA2AC9 /* [CP] Check Pods Manifest.lock */,
				D578BD671D1228030002E5BF /* Sources */,
				D578BD681D1228030002E5BF /* Frameworks */,
				D578BD691D1228030002E5BF /* Resources */,
				F2FE9A25196AB622B4A70BDC /* [CP] Embed Pods Frameworks */,
				18F394E9FD22FD52A9AE88A0 /* [CP] Copy Pods Resources */,
			);
			buildRules = (
			);
			dependencies = (
			);
			name = manechen;
			productName = manechen;
			productReference = D578BD6B1D1228030002E5BF /* manechen.app */;
			productType = "com.apple.product-type.application";
		};
		D578BD7E1D1228040002E5BF /* manechenTests */ = {
			isa = PBXNativeTarget;
			buildConfigurationList = D578BD961D1228040002E5BF /* Build configuration list for PBXNativeTarget "manechenTests" */;
			buildPhases = (
				5DC9D255E948744E47A4BCA6 /* [CP] Check Pods Manifest.lock */,
				D578BD7B1D1228040002E5BF /* Sources */,
				D578BD7C1D1228040002E5BF /* Frameworks */,
				D578BD7D1D1228040002E5BF /* Resources */,
				9EF98F0AF6BC8282028752AB /* [CP] Embed Pods Frameworks */,
				1ED31A86C1FE137DEB2D80F7 /* [CP] Copy Pods Resources */,
			);
			buildRules = (
			);
			dependencies = (
				D578BD811D1228040002E5BF /* PBXTargetDependency */,
			);
			name = manechenTests;
			productName = manechenTests;
			productReference = D578BD7F1D1228040002E5BF /* manechenTests.xctest */;
			productType = "com.apple.product-type.bundle.unit-test";
		};
		D578BD891D1228040002E5BF /* manechenUITests */ = {
			isa = PBXNativeTarget;
			buildConfigurationList = D578BD991D1228040002E5BF /* Build configuration list for PBXNativeTarget "manechenUITests" */;
			buildPhases = (
				53A3E2E842D87E6C8F7BA6A8 /* [CP] Check Pods Manifest.lock */,
				D578BD861D1228040002E5BF /* Sources */,
				D578BD871D1228040002E5BF /* Frameworks */,
				D578BD881D1228040002E5BF /* Resources */,
				C7E5C57CAD1EFFD60DC58CA6 /* [CP] Copy Pods Resources */,
			);
			buildRules = (
			);
			dependencies = (
				D578BD8C1D1228040002E5BF /* PBXTargetDependency */,
			);
			name = manechenUITests;
			productName = manechenUITests;
			productReference = D578BD8A1D1228040002E5BF /* manechenUITests.xctest */;
			productType = "com.apple.product-type.bundle.ui-testing";
		};
/* End PBXNativeTarget section */

/* Begin PBXProject section */
		D578BD631D1228030002E5BF /* Project object */ = {
			isa = PBXProject;
			attributes = {
				LastSwiftUpdateCheck = 0730;
				LastUpgradeCheck = 0730;
				ORGANIZATIONNAME = NakayaKana;
				TargetAttributes = {
					D578BD6A1D1228030002E5BF = {
						CreatedOnToolsVersion = 7.3.1;
					};
					D578BD7E1D1228040002E5BF = {
						CreatedOnToolsVersion = 7.3.1;
						TestTargetID = D578BD6A1D1228030002E5BF;
					};
					D578BD891D1228040002E5BF = {
						CreatedOnToolsVersion = 7.3.1;
						TestTargetID = D578BD6A1D1228030002E5BF;
					};
				};
			};
			buildConfigurationList = D578BD661D1228030002E5BF /* Build configuration list for PBXProject "manechen" */;
			compatibilityVersion = "Xcode 3.2";
			developmentRegion = English;
			hasScannedForEncodings = 0;
			knownRegions = (
				en,
				Base,
			);
			mainGroup = D578BD621D1228030002E5BF;
			productRefGroup = D578BD6C1D1228030002E5BF /* Products */;
			projectDirPath = "";
			projectRoot = "";
			targets = (
				D578BD6A1D1228030002E5BF /* manechen */,
				D578BD7E1D1228040002E5BF /* manechenTests */,
				D578BD891D1228040002E5BF /* manechenUITests */,
			);
		};
/* End PBXProject section */

/* Begin PBXResourcesBuildPhase section */
		D578BD691D1228030002E5BF /* Resources */ = {
			isa = PBXResourcesBuildPhase;
			buildActionMask = 2147483647;
			files = (
				D5C5A2131D24C2FE003E47CA /* appicon-Small-50@2x.png in Resources */,
				D578BD761D1228030002E5BF /* Assets.xcassets in Resources */,
				D5C4F3151D1D0AEF0082D5F6 /* calender.png in Resources */,
				D5C5A2161D24C2FE003E47CA /* appicon-Small@3x.png in Resources */,
				D5C5A2181D24C2FE003E47CA /* appicon@2x.png in Resources */,
				D5C4F3171D1D0AEF0082D5F6 /* setting.png in Resources */,
				D5C5A1F31D24B7C2003E47CA /* Default-568h@2x.png in Resources */,
				D5C5A20F1D24C2FE003E47CA /* appicon-76@2x.png in Resources */,
				D5C5A20C1D24C2FE003E47CA /* appicon-72.png in Resources */,
				D5C4F3161D1D0AEF0082D5F6 /* pen.png in Resources */,
				D5C5A1E91D24B6D1003E47CA /* 3.5inchStoryboard.storyboard in Resources */,
				D5C5A2151D24C2FE003E47CA /* appicon-Small@2x.png in Resources */,
				D5C4F3231D1D14770082D5F6 /* bunsekiTableViewCell.xib in Resources */,
				D5C5A2111D24C2FE003E47CA /* appicon-Small-40@2x.png in Resources */,
				D578BD741D1228030002E5BF /* Main.storyboard in Resources */,
				D5C5A2171D24C2FE003E47CA /* appicon.png in Resources */,
				D5C5A2121D24C2FE003E47CA /* appicon-Small-50.png in Resources */,
				D5C5A20B1D24C2FE003E47CA /* appicon-60@3x.png in Resources */,
				D5C5A20A1D24C2FE003E47CA /* appicon-60@2x.png in Resources */,
				D5C5A1F41D24B7C2003E47CA /* Default-667h@2x.png in Resources */,
				D5C5A1F21D24B7C2003E47CA /* .gitignore in Resources */,
				D54037BD1D265AD900BE2C1E /* 紙.png in Resources */,
				D5C5A2101D24C2FE003E47CA /* appicon-Small-40.png in Resources */,
				D5C4F3141D1D0AEF0082D5F6 /* bunseki.png in Resources */,
				D5C5A2191D24C2FE003E47CA /* iTunesArtwork in Resources */,
				D5C5A2141D24C2FE003E47CA /* appicon-Small.png in Resources */,
				D5C5A20D1D24C2FE003E47CA /* appicon-72@2x.png in Resources */,
				D5C5A21A1D24C2FE003E47CA /* iTunesArtwork@2x in Resources */,
				D5C5A20E1D24C2FE003E47CA /* appicon-76.png in Resources */,
				D5C5A1F51D24B7C2003E47CA /* Default-736h@3x.png in Resources */,
			);
			runOnlyForDeploymentPostprocessing = 0;
		};
		D578BD7D1D1228040002E5BF /* Resources */ = {
			isa = PBXResourcesBuildPhase;
			buildActionMask = 2147483647;
			files = (
			);
			runOnlyForDeploymentPostprocessing = 0;
		};
		D578BD881D1228040002E5BF /* Resources */ = {
			isa = PBXResourcesBuildPhase;
			buildActionMask = 2147483647;
			files = (
			);
			runOnlyForDeploymentPostprocessing = 0;
		};
/* End PBXResourcesBuildPhase section */

/* Begin PBXShellScriptBuildPhase section */
		18F394E9FD22FD52A9AE88A0 /* [CP] Copy Pods Resources */ = {
			isa = PBXShellScriptBuildPhase;
			buildActionMask = 2147483647;
			files = (
			);
			inputPaths = (
			);
			name = "[CP] Copy Pods Resources";
			outputPaths = (
			);
			runOnlyForDeploymentPostprocessing = 0;
			shellPath = /bin/sh;
			shellScript = "\"${SRCROOT}/Pods/Target Support Files/Pods-manechen/Pods-manechen-resources.sh\"\n";
			showEnvVarsInLog = 0;
		};
		1ED31A86C1FE137DEB2D80F7 /* [CP] Copy Pods Resources */ = {
			isa = PBXShellScriptBuildPhase;
			buildActionMask = 2147483647;
			files = (
			);
			inputPaths = (
			);
			name = "[CP] Copy Pods Resources";
			outputPaths = (
			);
			runOnlyForDeploymentPostprocessing = 0;
			shellPath = /bin/sh;
			shellScript = "\"${SRCROOT}/Pods/Target Support Files/Pods-manechenTests/Pods-manechenTests-resources.sh\"\n";
			showEnvVarsInLog = 0;
		};
		53A3E2E842D87E6C8F7BA6A8 /* [CP] Check Pods Manifest.lock */ = {
			isa = PBXShellScriptBuildPhase;
			buildActionMask = 2147483647;
			files = (
			);
			inputPaths = (
			);
			name = "[CP] Check Pods Manifest.lock";
			outputPaths = (
			);
			runOnlyForDeploymentPostprocessing = 0;
			shellPath = /bin/sh;
			shellScript = "diff \"${PODS_ROOT}/../Podfile.lock\" \"${PODS_ROOT}/Manifest.lock\" > /dev/null\nif [[ $? != 0 ]] ; then\n    cat << EOM\nerror: The sandbox is not in sync with the Podfile.lock. Run 'pod install' or update your CocoaPods installation.\nEOM\n    exit 1\nfi\n";
			showEnvVarsInLog = 0;
		};
		5DC9D255E948744E47A4BCA6 /* [CP] Check Pods Manifest.lock */ = {
			isa = PBXShellScriptBuildPhase;
			buildActionMask = 2147483647;
			files = (
			);
			inputPaths = (
			);
			name = "[CP] Check Pods Manifest.lock";
			outputPaths = (
			);
			runOnlyForDeploymentPostprocessing = 0;
			shellPath = /bin/sh;
			shellScript = "diff \"${PODS_ROOT}/../Podfile.lock\" \"${PODS_ROOT}/Manifest.lock\" > /dev/null\nif [[ $? != 0 ]] ; then\n    cat << EOM\nerror: The sandbox is not in sync with the Podfile.lock. Run 'pod install' or update your CocoaPods installation.\nEOM\n    exit 1\nfi\n";
			showEnvVarsInLog = 0;
		};
		9EF98F0AF6BC8282028752AB /* [CP] Embed Pods Frameworks */ = {
			isa = PBXShellScriptBuildPhase;
			buildActionMask = 2147483647;
			files = (
			);
			inputPaths = (
			);
			name = "[CP] Embed Pods Frameworks";
			outputPaths = (
			);
			runOnlyForDeploymentPostprocessing = 0;
			shellPath = /bin/sh;
			shellScript = "\"${SRCROOT}/Pods/Target Support Files/Pods-manechenTests/Pods-manechenTests-frameworks.sh\"\n";
			showEnvVarsInLog = 0;
		};
		C7E5C57CAD1EFFD60DC58CA6 /* [CP] Copy Pods Resources */ = {
			isa = PBXShellScriptBuildPhase;
			buildActionMask = 2147483647;
			files = (
			);
			inputPaths = (
			);
			name = "[CP] Copy Pods Resources";
			outputPaths = (
			);
			runOnlyForDeploymentPostprocessing = 0;
			shellPath = /bin/sh;
			shellScript = "\"${SRCROOT}/Pods/Target Support Files/Pods-manechenUITests/Pods-manechenUITests-resources.sh\"\n";
			showEnvVarsInLog = 0;
		};
		D5ABC7A8B57334CA80AA2AC9 /* [CP] Check Pods Manifest.lock */ = {
			isa = PBXShellScriptBuildPhase;
			buildActionMask = 2147483647;
			files = (
			);
			inputPaths = (
			);
			name = "[CP] Check Pods Manifest.lock";
			outputPaths = (
			);
			runOnlyForDeploymentPostprocessing = 0;
			shellPath = /bin/sh;
			shellScript = "diff \"${PODS_ROOT}/../Podfile.lock\" \"${PODS_ROOT}/Manifest.lock\" > /dev/null\nif [[ $? != 0 ]] ; then\n    cat << EOM\nerror: The sandbox is not in sync with the Podfile.lock. Run 'pod install' or update your CocoaPods installation.\nEOM\n    exit 1\nfi\n";
			showEnvVarsInLog = 0;
		};
		F2FE9A25196AB622B4A70BDC /* [CP] Embed Pods Frameworks */ = {
			isa = PBXShellScriptBuildPhase;
			buildActionMask = 2147483647;
			files = (
			);
			inputPaths = (
			);
			name = "[CP] Embed Pods Frameworks";
			outputPaths = (
			);
			runOnlyForDeploymentPostprocessing = 0;
			shellPath = /bin/sh;
			shellScript = "\"${SRCROOT}/Pods/Target Support Files/Pods-manechen/Pods-manechen-frameworks.sh\"\n";
			showEnvVarsInLog = 0;
		};
/* End PBXShellScriptBuildPhase section */

/* Begin PBXSourcesBuildPhase section */
		D578BD671D1228030002E5BF /* Sources */ = {
			isa = PBXSourcesBuildPhase;
			buildActionMask = 2147483647;
			files = (
				D5C5A1F71D24B7C2003E47CA /* StoryboardHelper.swift in Sources */,
				D578BD711D1228030002E5BF /* ViewController.swift in Sources */,
				D5C4F3251D1D15060082D5F6 /* bunsekiTableViewController.swift in Sources */,
				D584DE261D21003A00748701 /* GraphViewController.swift in Sources */,
				D584DE221D1E241800748701 /* SetteiViewController.swift in Sources */,
				D5C4F3221D1D14770082D5F6 /* bunsekiTableViewCell.swift in Sources */,
				D58CB61A1D150C9B00EF2474 /* KinyuViewController.swift in Sources */,
				D5C5A1F61D24B7C2003E47CA /* README.md in Sources */,
				D578BD6F1D1228030002E5BF /* AppDelegate.swift in Sources */,
			);
			runOnlyForDeploymentPostprocessing = 0;
		};
		D578BD7B1D1228040002E5BF /* Sources */ = {
			isa = PBXSourcesBuildPhase;
			buildActionMask = 2147483647;
			files = (
				D578BD841D1228040002E5BF /* manechenTests.swift in Sources */,
			);
			runOnlyForDeploymentPostprocessing = 0;
		};
		D578BD861D1228040002E5BF /* Sources */ = {
			isa = PBXSourcesBuildPhase;
			buildActionMask = 2147483647;
			files = (
				D578BD8F1D1228040002E5BF /* manechenUITests.swift in Sources */,
			);
			runOnlyForDeploymentPostprocessing = 0;
		};
/* End PBXSourcesBuildPhase section */

/* Begin PBXTargetDependency section */
		D578BD811D1228040002E5BF /* PBXTargetDependency */ = {
			isa = PBXTargetDependency;
			target = D578BD6A1D1228030002E5BF /* manechen */;
			targetProxy = D578BD801D1228040002E5BF /* PBXContainerItemProxy */;
		};
		D578BD8C1D1228040002E5BF /* PBXTargetDependency */ = {
			isa = PBXTargetDependency;
			target = D578BD6A1D1228030002E5BF /* manechen */;
			targetProxy = D578BD8B1D1228040002E5BF /* PBXContainerItemProxy */;
		};
/* End PBXTargetDependency section */

/* Begin PBXVariantGroup section */
		D578BD721D1228030002E5BF /* Main.storyboard */ = {
			isa = PBXVariantGroup;
			children = (
				D578BD731D1228030002E5BF /* Base */,
			);
			name = Main.storyboard;
			sourceTree = "<group>";
		};
/* End PBXVariantGroup section */

/* Begin XCBuildConfiguration section */
		D578BD911D1228040002E5BF /* Debug */ = {
			isa = XCBuildConfiguration;
			buildSettings = {
				ALWAYS_SEARCH_USER_PATHS = NO;
				CLANG_ANALYZER_NONNULL = YES;
				CLANG_CXX_LANGUAGE_STANDARD = "gnu++0x";
				CLANG_CXX_LIBRARY = "libc++";
				CLANG_ENABLE_MODULES = YES;
				CLANG_ENABLE_OBJC_ARC = YES;
				CLANG_WARN_BOOL_CONVERSION = YES;
				CLANG_WARN_CONSTANT_CONVERSION = YES;
				CLANG_WARN_DIRECT_OBJC_ISA_USAGE = YES_ERROR;
				CLANG_WARN_EMPTY_BODY = YES;
				CLANG_WARN_ENUM_CONVERSION = YES;
				CLANG_WARN_INT_CONVERSION = YES;
				CLANG_WARN_OBJC_ROOT_CLASS = YES_ERROR;
				CLANG_WARN_UNREACHABLE_CODE = YES;
				CLANG_WARN__DUPLICATE_METHOD_MATCH = YES;
				"CODE_SIGN_IDENTITY[sdk=iphoneos*]" = "iPhone Developer";
				COPY_PHASE_STRIP = NO;
				DEBUG_INFORMATION_FORMAT = dwarf;
				ENABLE_STRICT_OBJC_MSGSEND = YES;
				ENABLE_TESTABILITY = YES;
				GCC_C_LANGUAGE_STANDARD = gnu99;
				GCC_DYNAMIC_NO_PIC = NO;
				GCC_NO_COMMON_BLOCKS = YES;
				GCC_OPTIMIZATION_LEVEL = 0;
				GCC_PREPROCESSOR_DEFINITIONS = (
					"DEBUG=1",
					"$(inherited)",
				);
				GCC_WARN_64_TO_32_BIT_CONVERSION = YES;
				GCC_WARN_ABOUT_RETURN_TYPE = YES_ERROR;
				GCC_WARN_UNDECLARED_SELECTOR = YES;
				GCC_WARN_UNINITIALIZED_AUTOS = YES_AGGRESSIVE;
				GCC_WARN_UNUSED_FUNCTION = YES;
				GCC_WARN_UNUSED_VARIABLE = YES;
				IPHONEOS_DEPLOYMENT_TARGET = 9.3;
				MTL_ENABLE_DEBUG_INFO = YES;
				ONLY_ACTIVE_ARCH = YES;
				SDKROOT = iphoneos;
				SWIFT_OPTIMIZATION_LEVEL = "-Onone";
			};
			name = Debug;
		};
		D578BD921D1228040002E5BF /* Release */ = {
			isa = XCBuildConfiguration;
			buildSettings = {
				ALWAYS_SEARCH_USER_PATHS = NO;
				CLANG_ANALYZER_NONNULL = YES;
				CLANG_CXX_LANGUAGE_STANDARD = "gnu++0x";
				CLANG_CXX_LIBRARY = "libc++";
				CLANG_ENABLE_MODULES = YES;
				CLANG_ENABLE_OBJC_ARC = YES;
				CLANG_WARN_BOOL_CONVERSION = YES;
				CLANG_WARN_CONSTANT_CONVERSION = YES;
				CLANG_WARN_DIRECT_OBJC_ISA_USAGE = YES_ERROR;
				CLANG_WARN_EMPTY_BODY = YES;
				CLANG_WARN_ENUM_CONVERSION = YES;
				CLANG_WARN_INT_CONVERSION = YES;
				CLANG_WARN_OBJC_ROOT_CLASS = YES_ERROR;
				CLANG_WARN_UNREACHABLE_CODE = YES;
				CLANG_WARN__DUPLICATE_METHOD_MATCH = YES;
				"CODE_SIGN_IDENTITY[sdk=iphoneos*]" = "iPhone Developer";
				COPY_PHASE_STRIP = NO;
				DEBUG_INFORMATION_FORMAT = "dwarf-with-dsym";
				ENABLE_NS_ASSERTIONS = NO;
				ENABLE_STRICT_OBJC_MSGSEND = YES;
				GCC_C_LANGUAGE_STANDARD = gnu99;
				GCC_NO_COMMON_BLOCKS = YES;
				GCC_WARN_64_TO_32_BIT_CONVERSION = YES;
				GCC_WARN_ABOUT_RETURN_TYPE = YES_ERROR;
				GCC_WARN_UNDECLARED_SELECTOR = YES;
				GCC_WARN_UNINITIALIZED_AUTOS = YES_AGGRESSIVE;
				GCC_WARN_UNUSED_FUNCTION = YES;
				GCC_WARN_UNUSED_VARIABLE = YES;
				IPHONEOS_DEPLOYMENT_TARGET = 9.3;
				MTL_ENABLE_DEBUG_INFO = NO;
				SDKROOT = iphoneos;
				VALIDATE_PRODUCT = YES;
			};
			name = Release;
		};
		D578BD941D1228040002E5BF /* Debug */ = {
			isa = XCBuildConfiguration;
			baseConfigurationReference = 12EF2FD116D1FCBE7A94366F /* Pods-manechen.debug.xcconfig */;
			buildSettings = {
				ASSETCATALOG_COMPILER_APPICON_NAME = AppIcon;
				FRAMEWORK_SEARCH_PATHS = (
					"$(inherited)",
					"$(PROJECT_DIR)",
				);
				INFOPLIST_FILE = manechen/Info.plist;
				LD_RUNPATH_SEARCH_PATHS = "$(inherited) @executable_path/Frameworks";
				PRODUCT_BUNDLE_IDENTIFIER = NakayaKana.manechen;
				PRODUCT_NAME = "$(TARGET_NAME)";
			};
			name = Debug;
		};
		D578BD951D1228040002E5BF /* Release */ = {
			isa = XCBuildConfiguration;
			baseConfigurationReference = E54992E48A3C4B901B6EE246 /* Pods-manechen.release.xcconfig */;
			buildSettings = {
				ASSETCATALOG_COMPILER_APPICON_NAME = AppIcon;
				FRAMEWORK_SEARCH_PATHS = (
					"$(inherited)",
					"$(PROJECT_DIR)",
				);
				INFOPLIST_FILE = manechen/Info.plist;
				LD_RUNPATH_SEARCH_PATHS = "$(inherited) @executable_path/Frameworks";
				PRODUCT_BUNDLE_IDENTIFIER = NakayaKana.manechen;
				PRODUCT_NAME = "$(TARGET_NAME)";
			};
			name = Release;
		};
		D578BD971D1228040002E5BF /* Debug */ = {
			isa = XCBuildConfiguration;
			baseConfigurationReference = 5158DD304C54463A93E848FC /* Pods-manechenTests.debug.xcconfig */;
			buildSettings = {
				BUNDLE_LOADER = "$(TEST_HOST)";
				INFOPLIST_FILE = manechenTests/Info.plist;
				LD_RUNPATH_SEARCH_PATHS = "$(inherited) @executable_path/Frameworks @loader_path/Frameworks";
				PRODUCT_BUNDLE_IDENTIFIER = NakayaKana.manechenTests;
				PRODUCT_NAME = "$(TARGET_NAME)";
				TEST_HOST = "$(BUILT_PRODUCTS_DIR)/manechen.app/manechen";
			};
			name = Debug;
		};
		D578BD981D1228040002E5BF /* Release */ = {
			isa = XCBuildConfiguration;
			baseConfigurationReference = 309F204BF406EADDF27E221F /* Pods-manechenTests.release.xcconfig */;
			buildSettings = {
				BUNDLE_LOADER = "$(TEST_HOST)";
				INFOPLIST_FILE = manechenTests/Info.plist;
				LD_RUNPATH_SEARCH_PATHS = "$(inherited) @executable_path/Frameworks @loader_path/Frameworks";
				PRODUCT_BUNDLE_IDENTIFIER = NakayaKana.manechenTests;
				PRODUCT_NAME = "$(TARGET_NAME)";
				TEST_HOST = "$(BUILT_PRODUCTS_DIR)/manechen.app/manechen";
			};
			name = Release;
		};
		D578BD9A1D1228040002E5BF /* Debug */ = {
			isa = XCBuildConfiguration;
			baseConfigurationReference = 26ABEFEB01E96BBFBCC7DEFF /* Pods-manechenUITests.debug.xcconfig */;
			buildSettings = {
				INFOPLIST_FILE = manechenUITests/Info.plist;
				LD_RUNPATH_SEARCH_PATHS = "$(inherited) @executable_path/Frameworks @loader_path/Frameworks";
				PRODUCT_BUNDLE_IDENTIFIER = NakayaKana.manechenUITests;
				PRODUCT_NAME = "$(TARGET_NAME)";
				TEST_TARGET_NAME = manechen;
			};
			name = Debug;
		};
		D578BD9B1D1228040002E5BF /* Release */ = {
			isa = XCBuildConfiguration;
			baseConfigurationReference = 0057018766AF70D26DAC8D0B /* Pods-manechenUITests.release.xcconfig */;
			buildSettings = {
				INFOPLIST_FILE = manechenUITests/Info.plist;
				LD_RUNPATH_SEARCH_PATHS = "$(inherited) @executable_path/Frameworks @loader_path/Frameworks";
				PRODUCT_BUNDLE_IDENTIFIER = NakayaKana.manechenUITests;
				PRODUCT_NAME = "$(TARGET_NAME)";
				TEST_TARGET_NAME = manechen;
			};
			name = Release;
		};
/* End XCBuildConfiguration section */

/* Begin XCConfigurationList section */
		D578BD661D1228030002E5BF /* Build configuration list for PBXProject "manechen" */ = {
			isa = XCConfigurationList;
			buildConfigurations = (
				D578BD911D1228040002E5BF /* Debug */,
				D578BD921D1228040002E5BF /* Release */,
			);
			defaultConfigurationIsVisible = 0;
			defaultConfigurationName = Release;
		};
		D578BD931D1228040002E5BF /* Build configuration list for PBXNativeTarget "manechen" */ = {
			isa = XCConfigurationList;
			buildConfigurations = (
				D578BD941D1228040002E5BF /* Debug */,
				D578BD951D1228040002E5BF /* Release */,
			);
			defaultConfigurationIsVisible = 0;
			defaultConfigurationName = Release;
		};
		D578BD961D1228040002E5BF /* Build configuration list for PBXNativeTarget "manechenTests" */ = {
			isa = XCConfigurationList;
			buildConfigurations = (
				D578BD971D1228040002E5BF /* Debug */,
				D578BD981D1228040002E5BF /* Release */,
			);
			defaultConfigurationIsVisible = 0;
			defaultConfigurationName = Release;
		};
		D578BD991D1228040002E5BF /* Build configuration list for PBXNativeTarget "manechenUITests" */ = {
			isa = XCConfigurationList;
			buildConfigurations = (
				D578BD9A1D1228040002E5BF /* Debug */,
				D578BD9B1D1228040002E5BF /* Release */,
			);
			defaultConfigurationIsVisible = 0;
			defaultConfigurationName = Release;
		};
/* End XCConfigurationList section */
	};
	rootObject = D578BD631D1228030002E5BF /* Project object */;
}
